
Microsoft Visual Studio Solution File, Format Version 12.00
# Visual Studio Version 17
VisualStudioVersion = 17.9.34728.123
MinimumVisualStudioVersion = 10.0.40219.1
Project("{FAE04EC0-301F-11D3-BF4B-00C04F79EFBC}") = "ConsoleApp2", "ConsoleApp2\ConsoleApp2.csproj", "{F10C045C-F645-4DD8-BF0C-524CB205CB3E}"
EndProject
Global
	GlobalSection(SolutionConfigurationPlatforms) = preSolution
		Debug|Any CPU = Debug|Any CPU
		Release|Any CPU = Release|Any CPU
	EndGlobalSection
	GlobalSection(ProjectConfigurationPlatforms) = postSolution
		{F10C045C-F645-4DD8-BF0C-524CB205CB3E}.Debug|Any CPU.ActiveCfg = Debug|Any CPU
		{F10C045C-F645-4DD8-BF0C-524CB205CB3E}.Debug|Any CPU.Build.0 = Debug|Any CPU
		{F10C045C-F645-4DD8-BF0C-524CB205CB3E}.Release|Any CPU.ActiveCfg = Release|Any CPU
		{F10C045C-F645-4DD8-BF0C-524CB205CB3E}.Release|Any CPU.Build.0 = Release|Any CPU
	EndGlobalSection
	GlobalSection(SolutionProperties) = preSolution
		HideSolutionNode = FALSE
	EndGlobalSection
	GlobalSection(ExtensibilityGlobals) = postSolution
		SolutionGuid = {B5633A42-2028-4002-A767-2A810FD206B3}
	EndGlobalSection
EndGlobal
